
Microsoft Visual Studio Solution File, Format Version 12.00
# Visual Studio Version 16
VisualStudioVersion = 16.0.30413.136
MinimumVisualStudioVersion = 10.0.40219.1
Project("{FAE04EC0-301F-11D3-BF4B-00C04F79EFBC}") = "NewProject", "NewProject\NewProject.csproj", "{44E68822-F687-4097-AF54-7A4DEAE78E98}"
EndProject
Global
	GlobalSection(SolutionConfigurationPlatforms) = preSolution
		Debug|Any CPU = Debug|Any CPU
		Release|Any CPU = Release|Any CPU
	EndGlobalSection
	GlobalSection(ProjectConfigurationPlatforms) = postSolution
		{44E68822-F687-4097-AF54-7A4DEAE78E98}.Debug|Any CPU.ActiveCfg = Debug|Any CPU
		{44E68822-F687-4097-AF54-7A4DEAE78E98}.Debug|Any CPU.Build.0 = Debug|Any CPU
		{44E68822-F687-4097-AF54-7A4DEAE78E98}.Release|Any CPU.ActiveCfg = Release|Any CPU
		{44E68822-F687-4097-AF54-7A4DEAE78E98}.Release|Any CPU.Build.0 = Release|Any CPU
	EndGlobalSection
	GlobalSection(SolutionProperties) = preSolution
		HideSolutionNode = FALSE
	EndGlobalSection
	GlobalSection(ExtensibilityGlobals) = postSolution
		SolutionGuid = {78ED4212-C602-4819-ACBE-6D08990D8EC0}
	EndGlobalSection
EndGlobal
